
Microsoft Visual Studio Solution File, Format Version 12.00
# Visual Studio 15
VisualStudioVersion = 15.0.28307.757
MinimumVisualStudioVersion = 10.0.40219.1
Project("{9A19103F-16F7-4668-BE54-9A1E7A4F7556}") = "EmgRawDataCS", "EmgRawDataCS.csproj", "{CCCCFDB4-B621-4E3C-A875-9CC0C89E2D06}"
EndProject
Global
	GlobalSection(SolutionConfigurationPlatforms) = preSolution
		Debug|Any CPU = Debug|Any CPU
		Release|Any CPU = Release|Any CPU
	EndGlobalSection
	GlobalSection(ProjectConfigurationPlatforms) = postSolution
		{CCCCFDB4-B621-4E3C-A875-9CC0C89E2D06}.Debug|Any CPU.ActiveCfg = Debug|Any CPU
		{CCCCFDB4-B621-4E3C-A875-9CC0C89E2D06}.Debug|Any CPU.Build.0 = Debug|Any CPU
		{CCCCFDB4-B621-4E3C-A875-9CC0C89E2D06}.Release|Any CPU.ActiveCfg = Release|Any CPU
		{CCCCFDB4-B621-4E3C-A875-9CC0C89E2D06}.Release|Any CPU.Build.0 = Release|Any CPU
	EndGlobalSection
	GlobalSection(SolutionProperties) = preSolution
		HideSolutionNode = FALSE
	EndGlobalSection
	GlobalSection(ExtensibilityGlobals) = postSolution
		SolutionGuid = {0A882087-2A83-4ECF-B121-AE604AE971D6}
	EndGlobalSection
EndGlobal
